// !$*UTF8*$!
{
	archiveVersion = 1;
	classes = {
	};
	objectVersion = 48;
	objects = {

/* Begin PBXBuildFile section */
		1C0C3A2E201C1C3B00AA3F61 /* Client-API.swift in Sources */ = {isa = PBXBuildFile; fileRef = 1C0C3A2D201C1C3B00AA3F61 /* Client-API.swift */; };
		1C28253420150DD700C187D9 /* MeetupCategories.swift in Sources */ = {isa = PBXBuildFile; fileRef = 1C28253320150DD700C187D9 /* MeetupCategories.swift */; };
		1C28253A2015138C00C187D9 /* ObtainMeetupCategories.swift in Sources */ = {isa = PBXBuildFile; fileRef = 1C2825392015138C00C187D9 /* ObtainMeetupCategories.swift */; };
		2093A7272013C2D300EDC3D7 /* AppDelegate.swift in Sources */ = {isa = PBXBuildFile; fileRef = 2093A7262013C2D300EDC3D7 /* AppDelegate.swift */; };
		2093A7292013C2D300EDC3D7 /* ViewController.swift in Sources */ = {isa = PBXBuildFile; fileRef = 2093A7282013C2D300EDC3D7 /* ViewController.swift */; };
		2093A72C2013C2D300EDC3D7 /* Main.storyboard in Resources */ = {isa = PBXBuildFile; fileRef = 2093A72A2013C2D300EDC3D7 /* Main.storyboard */; };
		2093A72E2013C2D300EDC3D7 /* Assets.xcassets in Resources */ = {isa = PBXBuildFile; fileRef = 2093A72D2013C2D300EDC3D7 /* Assets.xcassets */; };
		2093A7312013C2D300EDC3D7 /* LaunchScreen.storyboard in Resources */ = {isa = PBXBuildFile; fileRef = 2093A72F2013C2D300EDC3D7 /* LaunchScreen.storyboard */; };
		A7B41CBE099DC0F692C044F8 /* Pods_MeetEvent_App.framework in Frameworks */ = {isa = PBXBuildFile; fileRef = DF85408895F37DF7087498DB /* Pods_MeetEvent_App.framework */; };
/* End PBXBuildFile section */

/* Begin PBXFileReference section */
		1C0C3A2D201C1C3B00AA3F61 /* Client-API.swift */ = {isa = PBXFileReference; lastKnownFileType = sourcecode.swift; path = "Client-API.swift"; sourceTree = "<group>"; };
		1C28253320150DD700C187D9 /* MeetupCategories.swift */ = {isa = PBXFileReference; lastKnownFileType = sourcecode.swift; path = MeetupCategories.swift; sourceTree = "<group>"; };
		1C2825392015138C00C187D9 /* ObtainMeetupCategories.swift */ = {isa = PBXFileReference; lastKnownFileType = sourcecode.swift; path = ObtainMeetupCategories.swift; sourceTree = "<group>"; };
		2093A7232013C2D300EDC3D7 /* MeetEvent-App.app */ = {isa = PBXFileReference; explicitFileType = wrapper.application; includeInIndex = 0; path = "MeetEvent-App.app"; sourceTree = BUILT_PRODUCTS_DIR; };
		2093A7262013C2D300EDC3D7 /* AppDelegate.swift */ = {isa = PBXFileReference; lastKnownFileType = sourcecode.swift; path = AppDelegate.swift; sourceTree = "<group>"; };
		2093A7282013C2D300EDC3D7 /* ViewController.swift */ = {isa = PBXFileReference; lastKnownFileType = sourcecode.swift; path = ViewController.swift; sourceTree = "<group>"; };
		2093A72B2013C2D300EDC3D7 /* Base */ = {isa = PBXFileReference; lastKnownFileType = file.storyboard; name = Base; path = Base.lproj/Main.storyboard; sourceTree = "<group>"; };
		2093A72D2013C2D300EDC3D7 /* Assets.xcassets */ = {isa = PBXFileReference; lastKnownFileType = folder.assetcatalog; path = Assets.xcassets; sourceTree = "<group>"; };
		2093A7302013C2D300EDC3D7 /* Base */ = {isa = PBXFileReference; lastKnownFileType = file.storyboard; name = Base; path = Base.lproj/LaunchScreen.storyboard; sourceTree = "<group>"; };
		2093A7322013C2D300EDC3D7 /* Info.plist */ = {isa = PBXFileReference; lastKnownFileType = text.plist.xml; path = Info.plist; sourceTree = "<group>"; };
		DF85408895F37DF7087498DB /* Pods_MeetEvent_App.framework */ = {isa = PBXFileReference; explicitFileType = wrapper.framework; includeInIndex = 0; path = Pods_MeetEvent_App.framework; sourceTree = BUILT_PRODUCTS_DIR; };
		DFA072E9C6AA6A4E022C59DE /* Pods-MeetEvent-App.release.xcconfig */ = {isa = PBXFileReference; includeInIndex = 1; lastKnownFileType = text.xcconfig; name = "Pods-MeetEvent-App.release.xcconfig"; path = "Pods/Target Support Files/Pods-MeetEvent-App/Pods-MeetEvent-App.release.xcconfig"; sourceTree = "<group>"; };
		F60A8E1E84320ACCF04E1E6A /* Pods-MeetEvent-App.debug.xcconfig */ = {isa = PBXFileReference; includeInIndex = 1; lastKnownFileType = text.xcconfig; name = "Pods-MeetEvent-App.debug.xcconfig"; path = "Pods/Target Support Files/Pods-MeetEvent-App/Pods-MeetEvent-App.debug.xcconfig"; sourceTree = "<group>"; };
/* End PBXFileReference section */

/* Begin PBXFrameworksBuildPhase section */
		2093A7202013C2D300EDC3D7 /* Frameworks */ = {
			isa = PBXFrameworksBuildPhase;
			buildActionMask = 2147483647;
			files = (
				A7B41CBE099DC0F692C044F8 /* Pods_MeetEvent_App.framework in Frameworks */,
			);
			runOnlyForDeploymentPostprocessing = 0;
		};
/* End PBXFrameworksBuildPhase section */

/* Begin PBXGroup section */
		1C28253020150DA700C187D9 /* View Controllers */ = {
			isa = PBXGroup;
			children = (
				2093A7282013C2D300EDC3D7 /* ViewController.swift */,
			);
			path = "View Controllers";
			sourceTree = "<group>";
		};
		1C28253120150DBD00C187D9 /* Networking Files */ = {
			isa = PBXGroup;
			children = (
				1C2825392015138C00C187D9 /* ObtainMeetupCategories.swift */,
				1C0C3A2D201C1C3B00AA3F61 /* Client-API.swift */,
			);
			path = "Networking Files";
			sourceTree = "<group>";
		};
		1C28253220150DC800C187D9 /* Models */ = {
			isa = PBXGroup;
			children = (
				1C28253320150DD700C187D9 /* MeetupCategories.swift */,
			);
			path = Models;
			sourceTree = "<group>";
		};
		20597D4EACC55611F27C3FD7 /* Pods */ = {
			isa = PBXGroup;
			children = (
				F60A8E1E84320ACCF04E1E6A /* Pods-MeetEvent-App.debug.xcconfig */,
				DFA072E9C6AA6A4E022C59DE /* Pods-MeetEvent-App.release.xcconfig */,
			);
			name = Pods;
			sourceTree = "<group>";
		};
		2093A71A2013C2D300EDC3D7 = {
			isa = PBXGroup;
			children = (
				1C28253220150DC800C187D9 /* Models */,
				1C28253120150DBD00C187D9 /* Networking Files */,
				1C28253020150DA700C187D9 /* View Controllers */,
				2093A7252013C2D300EDC3D7 /* MeetEvent-App */,
				2093A7242013C2D300EDC3D7 /* Products */,
				20597D4EACC55611F27C3FD7 /* Pods */,
				BF408119AF5D298B93B1DAAD /* Frameworks */,
			);
			sourceTree = "<group>";
		};
		2093A7242013C2D300EDC3D7 /* Products */ = {
			isa = PBXGroup;
			children = (
				2093A7232013C2D300EDC3D7 /* MeetEvent-App.app */,
			);
			name = Products;
			sourceTree = "<group>";
		};
		2093A7252013C2D300EDC3D7 /* MeetEvent-App */ = {
			isa = PBXGroup;
			children = (
				2093A7262013C2D300EDC3D7 /* AppDelegate.swift */,
				2093A72A2013C2D300EDC3D7 /* Main.storyboard */,
				2093A72D2013C2D300EDC3D7 /* Assets.xcassets */,
				2093A72F2013C2D300EDC3D7 /* LaunchScreen.storyboard */,
				2093A7322013C2D300EDC3D7 /* Info.plist */,
			);
			path = "MeetEvent-App";
			sourceTree = "<group>";
		};
		BF408119AF5D298B93B1DAAD /* Frameworks */ = {
			isa = PBXGroup;
			children = (
				DF85408895F37DF7087498DB /* Pods_MeetEvent_App.framework */,
			);
			name = Frameworks;
			sourceTree = "<group>";
		};
/* End PBXGroup section */

/* Begin PBXNativeTarget section */
		2093A7222013C2D300EDC3D7 /* MeetEvent-App */ = {
			isa = PBXNativeTarget;
			buildConfigurationList = 2093A7352013C2D300EDC3D7 /* Build configuration list for PBXNativeTarget "MeetEvent-App" */;
			buildPhases = (
				B2B7A6339B12EE1EC0710ECE /* [CP] Check Pods Manifest.lock */,
				2093A71F2013C2D300EDC3D7 /* Sources */,
				2093A7202013C2D300EDC3D7 /* Frameworks */,
				2093A7212013C2D300EDC3D7 /* Resources */,
				BBBF9C8FA0FBCAE572509C9A /* [CP] Embed Pods Frameworks */,
				36B45F8483AB7F6A391178F5 /* [CP] Copy Pods Resources */,
			);
			buildRules = (
			);
			dependencies = (
			);
			name = "MeetEvent-App";
			productName = "MeetEvent-App";
			productReference = 2093A7232013C2D300EDC3D7 /* MeetEvent-App.app */;
			productType = "com.apple.product-type.application";
		};
/* End PBXNativeTarget section */

/* Begin PBXProject section */
		2093A71B2013C2D300EDC3D7 /* Project object */ = {
			isa = PBXProject;
			attributes = {
				LastSwiftUpdateCheck = 0920;
				LastUpgradeCheck = 0920;
				ORGANIZATIONNAME = Yveslym;
				TargetAttributes = {
					2093A7222013C2D300EDC3D7 = {
						CreatedOnToolsVersion = 9.2;
						ProvisioningStyle = Automatic;
					};
				};
			};
			buildConfigurationList = 2093A71E2013C2D300EDC3D7 /* Build configuration list for PBXProject "MeetEvent-App" */;
			compatibilityVersion = "Xcode 8.0";
			developmentRegion = en;
			hasScannedForEncodings = 0;
			knownRegions = (
				en,
				Base,
			);
			mainGroup = 2093A71A2013C2D300EDC3D7;
			productRefGroup = 2093A7242013C2D300EDC3D7 /* Products */;
			projectDirPath = "";
			projectRoot = "";
			targets = (
				2093A7222013C2D300EDC3D7 /* MeetEvent-App */,
			);
		};
/* End PBXProject section */

/* Begin PBXResourcesBuildPhase section */
		2093A7212013C2D300EDC3D7 /* Resources */ = {
			isa = PBXResourcesBuildPhase;
			buildActionMask = 2147483647;
			files = (
				2093A7312013C2D300EDC3D7 /* LaunchScreen.storyboard in Resources */,
				2093A72E2013C2D300EDC3D7 /* Assets.xcassets in Resources */,
				2093A72C2013C2D300EDC3D7 /* Main.storyboard in Resources */,
			);
			runOnlyForDeploymentPostprocessing = 0;
		};
/* End PBXResourcesBuildPhase section */

/* Begin PBXShellScriptBuildPhase section */
		36B45F8483AB7F6A391178F5 /* [CP] Copy Pods Resources */ = {
			isa = PBXShellScriptBuildPhase;
			buildActionMask = 2147483647;
			files = (
			);
			inputPaths = (
			);
			name = "[CP] Copy Pods Resources";
			outputPaths = (
			);
			runOnlyForDeploymentPostprocessing = 0;
			shellPath = /bin/sh;
			shellScript = "\"${SRCROOT}/Pods/Target Support Files/Pods-MeetEvent-App/Pods-MeetEvent-App-resources.sh\"\n";
			showEnvVarsInLog = 0;
		};
		B2B7A6339B12EE1EC0710ECE /* [CP] Check Pods Manifest.lock */ = {
			isa = PBXShellScriptBuildPhase;
			buildActionMask = 2147483647;
			files = (
			);
			inputPaths = (
				"${PODS_PODFILE_DIR_PATH}/Podfile.lock",
				"${PODS_ROOT}/Manifest.lock",
			);
			name = "[CP] Check Pods Manifest.lock";
			outputPaths = (
				"$(DERIVED_FILE_DIR)/Pods-MeetEvent-App-checkManifestLockResult.txt",
			);
			runOnlyForDeploymentPostprocessing = 0;
			shellPath = /bin/sh;
			shellScript = "diff \"${PODS_PODFILE_DIR_PATH}/Podfile.lock\" \"${PODS_ROOT}/Manifest.lock\" > /dev/null\nif [ $? != 0 ] ; then\n    # print error to STDERR\n    echo \"error: The sandbox is not in sync with the Podfile.lock. Run 'pod install' or update your CocoaPods installation.\" >&2\n    exit 1\nfi\n# This output is used by Xcode 'outputs' to avoid re-running this script phase.\necho \"SUCCESS\" > \"${SCRIPT_OUTPUT_FILE_0}\"\n";
			showEnvVarsInLog = 0;
		};
		BBBF9C8FA0FBCAE572509C9A /* [CP] Embed Pods Frameworks */ = {
			isa = PBXShellScriptBuildPhase;
			buildActionMask = 2147483647;
			files = (
			);
			inputPaths = (
				"${SRCROOT}/Pods/Target Support Files/Pods-MeetEvent-App/Pods-MeetEvent-App-frameworks.sh",
				"${BUILT_PRODUCTS_DIR}/Alamofire/Alamofire.framework",
				"${BUILT_PRODUCTS_DIR}/Moya/Moya.framework",
				"${BUILT_PRODUCTS_DIR}/Result/Result.framework",
			);
			name = "[CP] Embed Pods Frameworks";
			outputPaths = (
				"${TARGET_BUILD_DIR}/${FRAMEWORKS_FOLDER_PATH}/Alamofire.framework",
				"${TARGET_BUILD_DIR}/${FRAMEWORKS_FOLDER_PATH}/Moya.framework",
				"${TARGET_BUILD_DIR}/${FRAMEWORKS_FOLDER_PATH}/Result.framework",
			);
			runOnlyForDeploymentPostprocessing = 0;
			shellPath = /bin/sh;
			shellScript = "\"${SRCROOT}/Pods/Target Support Files/Pods-MeetEvent-App/Pods-MeetEvent-App-frameworks.sh\"\n";
			showEnvVarsInLog = 0;
		};
/* End PBXShellScriptBuildPhase section */

/* Begin PBXSourcesBuildPhase section */
		2093A71F2013C2D300EDC3D7 /* Sources */ = {
			isa = PBXSourcesBuildPhase;
			buildActionMask = 2147483647;
			files = (
				1C28253420150DD700C187D9 /* MeetupCategories.swift in Sources */,
				1C0C3A2E201C1C3B00AA3F61 /* Client-API.swift in Sources */,
				2093A7292013C2D300EDC3D7 /* ViewController.swift in Sources */,
				1C28253A2015138C00C187D9 /* ObtainMeetupCategories.swift in Sources */,
				2093A7272013C2D300EDC3D7 /* AppDelegate.swift in Sources */,
			);
			runOnlyForDeploymentPostprocessing = 0;
		};
/* End PBXSourcesBuildPhase section */

/* Begin PBXVariantGroup section */
		2093A72A2013C2D300EDC3D7 /* Main.storyboard */ = {
			isa = PBXVariantGroup;
			children = (
				2093A72B2013C2D300EDC3D7 /* Base */,
			);
			name = Main.storyboard;
			sourceTree = "<group>";
		};
		2093A72F2013C2D300EDC3D7 /* LaunchScreen.storyboard */ = {
			isa = PBXVariantGroup;
			children = (
				2093A7302013C2D300EDC3D7 /* Base */,
			);
			name = LaunchScreen.storyboard;
			sourceTree = "<group>";
		};
/* End PBXVariantGroup section */

/* Begin XCBuildConfiguration section */
		2093A7332013C2D300EDC3D7 /* Debug */ = {
			isa = XCBuildConfiguration;
			buildSettings = {
				ALWAYS_SEARCH_USER_PATHS = NO;
				CLANG_ANALYZER_NONNULL = YES;
				CLANG_ANALYZER_NUMBER_OBJECT_CONVERSION = YES_AGGRESSIVE;
				CLANG_CXX_LANGUAGE_STANDARD = "gnu++14";
				CLANG_CXX_LIBRARY = "libc++";
				CLANG_ENABLE_MODULES = YES;
				CLANG_ENABLE_OBJC_ARC = YES;
				CLANG_WARN_BLOCK_CAPTURE_AUTORELEASING = YES;
				CLANG_WARN_BOOL_CONVERSION = YES;
				CLANG_WARN_COMMA = YES;
				CLANG_WARN_CONSTANT_CONVERSION = YES;
				CLANG_WARN_DIRECT_OBJC_ISA_USAGE = YES_ERROR;
				CLANG_WARN_DOCUMENTATION_COMMENTS = YES;
				CLANG_WARN_EMPTY_BODY = YES;
				CLANG_WARN_ENUM_CONVERSION = YES;
				CLANG_WARN_INFINITE_RECURSION = YES;
				CLANG_WARN_INT_CONVERSION = YES;
				CLANG_WARN_NON_LITERAL_NULL_CONVERSION = YES;
				CLANG_WARN_OBJC_LITERAL_CONVERSION = YES;
				CLANG_WARN_OBJC_ROOT_CLASS = YES_ERROR;
				CLANG_WARN_RANGE_LOOP_ANALYSIS = YES;
				CLANG_WARN_STRICT_PROTOTYPES = YES;
				CLANG_WARN_SUSPICIOUS_MOVE = YES;
				CLANG_WARN_UNGUARDED_AVAILABILITY = YES_AGGRESSIVE;
				CLANG_WARN_UNREACHABLE_CODE = YES;
				CLANG_WARN__DUPLICATE_METHOD_MATCH = YES;
				CODE_SIGN_IDENTITY = "iPhone Developer";
				COPY_PHASE_STRIP = NO;
				DEBUG_INFORMATION_FORMAT = dwarf;
				ENABLE_STRICT_OBJC_MSGSEND = YES;
				ENABLE_TESTABILITY = YES;
				GCC_C_LANGUAGE_STANDARD = gnu11;
				GCC_DYNAMIC_NO_PIC = NO;
				GCC_NO_COMMON_BLOCKS = YES;
				GCC_OPTIMIZATION_LEVEL = 0;
				GCC_PREPROCESSOR_DEFINITIONS = (
					"DEBUG=1",
					"$(inherited)",
				);
				GCC_WARN_64_TO_32_BIT_CONVERSION = YES;
				GCC_WARN_ABOUT_RETURN_TYPE = YES_ERROR;
				GCC_WARN_UNDECLARED_SELECTOR = YES;
				GCC_WARN_UNINITIALIZED_AUTOS = YES_AGGRESSIVE;
				GCC_WARN_UNUSED_FUNCTION = YES;
				GCC_WARN_UNUSED_VARIABLE = YES;
				IPHONEOS_DEPLOYMENT_TARGET = 11.2;
				MTL_ENABLE_DEBUG_INFO = YES;
				ONLY_ACTIVE_ARCH = YES;
				SDKROOT = iphoneos;
				SWIFT_ACTIVE_COMPILATION_CONDITIONS = DEBUG;
				SWIFT_OPTIMIZATION_LEVEL = "-Onone";
			};
			name = Debug;
		};
		2093A7342013C2D300EDC3D7 /* Release */ = {
			isa = XCBuildConfiguration;
			buildSettings = {
				ALWAYS_SEARCH_USER_PATHS = NO;
				CLANG_ANALYZER_NONNULL = YES;
				CLANG_ANALYZER_NUMBER_OBJECT_CONVERSION = YES_AGGRESSIVE;
				CLANG_CXX_LANGUAGE_STANDARD = "gnu++14";
				CLANG_CXX_LIBRARY = "libc++";
				CLANG_ENABLE_MODULES = YES;
				CLANG_ENABLE_OBJC_ARC = YES;
				CLANG_WARN_BLOCK_CAPTURE_AUTORELEASING = YES;
				CLANG_WARN_BOOL_CONVERSION = YES;
				CLANG_WARN_COMMA = YES;
				CLANG_WARN_CONSTANT_CONVERSION = YES;
				CLANG_WARN_DIRECT_OBJC_ISA_USAGE = YES_ERROR;
				CLANG_WARN_DOCUMENTATION_COMMENTS = YES;
				CLANG_WARN_EMPTY_BODY = YES;
				CLANG_WARN_ENUM_CONVERSION = YES;
				CLANG_WARN_INFINITE_RECURSION = YES;
				CLANG_WARN_INT_CONVERSION = YES;
				CLANG_WARN_NON_LITERAL_NULL_CONVERSION = YES;
				CLANG_WARN_OBJC_LITERAL_CONVERSION = YES;
				CLANG_WARN_OBJC_ROOT_CLASS = YES_ERROR;
				CLANG_WARN_RANGE_LOOP_ANALYSIS = YES;
				CLANG_WARN_STRICT_PROTOTYPES = YES;
				CLANG_WARN_SUSPICIOUS_MOVE = YES;
				CLANG_WARN_UNGUARDED_AVAILABILITY = YES_AGGRESSIVE;
				CLANG_WARN_UNREACHABLE_CODE = YES;
				CLANG_WARN__DUPLICATE_METHOD_MATCH = YES;
				CODE_SIGN_IDENTITY = "iPhone Developer";
				COPY_PHASE_STRIP = NO;
				DEBUG_INFORMATION_FORMAT = "dwarf-with-dsym";
				ENABLE_NS_ASSERTIONS = NO;
				ENABLE_STRICT_OBJC_MSGSEND = YES;
				GCC_C_LANGUAGE_STANDARD = gnu11;
				GCC_NO_COMMON_BLOCKS = YES;
				GCC_WARN_64_TO_32_BIT_CONVERSION = YES;
				GCC_WARN_ABOUT_RETURN_TYPE = YES_ERROR;
				GCC_WARN_UNDECLARED_SELECTOR = YES;
				GCC_WARN_UNINITIALIZED_AUTOS = YES_AGGRESSIVE;
				GCC_WARN_UNUSED_FUNCTION = YES;
				GCC_WARN_UNUSED_VARIABLE = YES;
				IPHONEOS_DEPLOYMENT_TARGET = 11.2;
				MTL_ENABLE_DEBUG_INFO = NO;
				SDKROOT = iphoneos;
				SWIFT_OPTIMIZATION_LEVEL = "-Owholemodule";
				VALIDATE_PRODUCT = YES;
			};
			name = Release;
		};
		2093A7362013C2D300EDC3D7 /* Debug */ = {
			isa = XCBuildConfiguration;
			baseConfigurationReference = F60A8E1E84320ACCF04E1E6A /* Pods-MeetEvent-App.debug.xcconfig */;
			buildSettings = {
				ASSETCATALOG_COMPILER_APPICON_NAME = AppIcon;
				CODE_SIGN_STYLE = Automatic;
				DEVELOPMENT_TEAM = R4WEEFNVWZ;
				INFOPLIST_FILE = "MeetEvent-App/Info.plist";
				LD_RUNPATH_SEARCH_PATHS = "$(inherited) @executable_path/Frameworks";
				PRODUCT_BUNDLE_IDENTIFIER = "yveslym-corp.MeetEvent-App";
				PRODUCT_NAME = "$(TARGET_NAME)";
				SWIFT_VERSION = 4.0;
				TARGETED_DEVICE_FAMILY = "1,2";
			};
			name = Debug;
		};
		2093A7372013C2D300EDC3D7 /* Release */ = {
			isa = XCBuildConfiguration;
			baseConfigurationReference = DFA072E9C6AA6A4E022C59DE /* Pods-MeetEvent-App.release.xcconfig */;
			buildSettings = {
				ASSETCATALOG_COMPILER_APPICON_NAME = AppIcon;
				CODE_SIGN_STYLE = Automatic;
				DEVELOPMENT_TEAM = R4WEEFNVWZ;
				INFOPLIST_FILE = "MeetEvent-App/Info.plist";
				LD_RUNPATH_SEARCH_PATHS = "$(inherited) @executable_path/Frameworks";
				PRODUCT_BUNDLE_IDENTIFIER = "yveslym-corp.MeetEvent-App";
				PRODUCT_NAME = "$(TARGET_NAME)";
				SWIFT_VERSION = 4.0;
				TARGETED_DEVICE_FAMILY = "1,2";
			};
			name = Release;
		};
/* End XCBuildConfiguration section */

/* Begin XCConfigurationList section */
		2093A71E2013C2D300EDC3D7 /* Build configuration list for PBXProject "MeetEvent-App" */ = {
			isa = XCConfigurationList;
			buildConfigurations = (
				2093A7332013C2D300EDC3D7 /* Debug */,
				2093A7342013C2D300EDC3D7 /* Release */,
			);
			defaultConfigurationIsVisible = 0;
			defaultConfigurationName = Release;
		};
		2093A7352013C2D300EDC3D7 /* Build configuration list for PBXNativeTarget "MeetEvent-App" */ = {
			isa = XCConfigurationList;
			buildConfigurations = (
				2093A7362013C2D300EDC3D7 /* Debug */,
				2093A7372013C2D300EDC3D7 /* Release */,
			);
			defaultConfigurationIsVisible = 0;
			defaultConfigurationName = Release;
		};
/* End XCConfigurationList section */
	};
	rootObject = 2093A71B2013C2D300EDC3D7 /* Project object */;
}
